// !$*UTF8*$!
{
	archiveVersion = 1;
	classes = {
	};
	objectVersion = 56;
	objects = {

/* Begin PBXBuildFile section */
		18259C392BE53C080030B3D4 /* CardView.swift in Sources */ = {isa = PBXBuildFile; fileRef = 18259C382BE53C080030B3D4 /* CardView.swift */; };
		18259C3C2BE54C730030B3D4 /* Pie.swift in Sources */ = {isa = PBXBuildFile; fileRef = 18259C3B2BE54C730030B3D4 /* Pie.swift */; };
		18259C3E2BE551970030B3D4 /* Cardify.swift in Sources */ = {isa = PBXBuildFile; fileRef = 18259C3D2BE551970030B3D4 /* Cardify.swift */; };
		18259C422BE585810030B3D4 /* FlyingNumber.swift in Sources */ = {isa = PBXBuildFile; fileRef = 18259C412BE585810030B3D4 /* FlyingNumber.swift */; };
		187F99302BC9D75A007850DA /* MemorizeApp.swift in Sources */ = {isa = PBXBuildFile; fileRef = 187F992F2BC9D75A007850DA /* MemorizeApp.swift */; };
		187F99322BC9D75A007850DA /* EmojiMemoryGameView.swift in Sources */ = {isa = PBXBuildFile; fileRef = 187F99312BC9D75A007850DA /* EmojiMemoryGameView.swift */; };
		187F99342BC9D75C007850DA /* Assets.xcassets in Resources */ = {isa = PBXBuildFile; fileRef = 187F99332BC9D75C007850DA /* Assets.xcassets */; };
		187F99372BC9D75C007850DA /* Preview Assets.xcassets in Resources */ = {isa = PBXBuildFile; fileRef = 187F99362BC9D75C007850DA /* Preview Assets.xcassets */; };
		18A237292BD0201000014F07 /* AspectVGrid.swift in Sources */ = {isa = PBXBuildFile; fileRef = 18A237282BD0201000014F07 /* AspectVGrid.swift */; };
		18C4188C2BCEF29200783E20 /* Theme.swift in Sources */ = {isa = PBXBuildFile; fileRef = 18C4188B2BCEF29200783E20 /* Theme.swift */; };
		18DAF84A2BCD978D00F76EAB /* MemorizeModel.swift in Sources */ = {isa = PBXBuildFile; fileRef = 18DAF8492BCD978D00F76EAB /* MemorizeModel.swift */; };
		18DAF84F2BCD995600F76EAB /* MemorizeViewModel.swift in Sources */ = {isa = PBXBuildFile; fileRef = 18DAF84E2BCD995600F76EAB /* MemorizeViewModel.swift */; };
/* End PBXBuildFile section */

/* Begin PBXFileReference section */
		18259C382BE53C080030B3D4 /* CardView.swift */ = {isa = PBXFileReference; lastKnownFileType = sourcecode.swift; path = CardView.swift; sourceTree = "<group>"; };
		18259C3B2BE54C730030B3D4 /* Pie.swift */ = {isa = PBXFileReference; lastKnownFileType = sourcecode.swift; path = Pie.swift; sourceTree = "<group>"; };
		18259C3D2BE551970030B3D4 /* Cardify.swift */ = {isa = PBXFileReference; lastKnownFileType = sourcecode.swift; path = Cardify.swift; sourceTree = "<group>"; };
		18259C412BE585810030B3D4 /* FlyingNumber.swift */ = {isa = PBXFileReference; lastKnownFileType = sourcecode.swift; path = FlyingNumber.swift; sourceTree = "<group>"; };
		187F992C2BC9D75A007850DA /* Memorize.app */ = {isa = PBXFileReference; explicitFileType = wrapper.application; includeInIndex = 0; path = Memorize.app; sourceTree = BUILT_PRODUCTS_DIR; };
		187F992F2BC9D75A007850DA /* MemorizeApp.swift */ = {isa = PBXFileReference; lastKnownFileType = sourcecode.swift; path = MemorizeApp.swift; sourceTree = "<group>"; };
		187F99312BC9D75A007850DA /* EmojiMemoryGameView.swift */ = {isa = PBXFileReference; lastKnownFileType = sourcecode.swift; path = EmojiMemoryGameView.swift; sourceTree = "<group>"; };
		187F99332BC9D75C007850DA /* Assets.xcassets */ = {isa = PBXFileReference; lastKnownFileType = folder.assetcatalog; path = Assets.xcassets; sourceTree = "<group>"; };
		187F99362BC9D75C007850DA /* Preview Assets.xcassets */ = {isa = PBXFileReference; lastKnownFileType = folder.assetcatalog; path = "Preview Assets.xcassets"; sourceTree = "<group>"; };
		18A237282BD0201000014F07 /* AspectVGrid.swift */ = {isa = PBXFileReference; lastKnownFileType = sourcecode.swift; path = AspectVGrid.swift; sourceTree = "<group>"; };
		18C4188B2BCEF29200783E20 /* Theme.swift */ = {isa = PBXFileReference; lastKnownFileType = sourcecode.swift; path = Theme.swift; sourceTree = "<group>"; };
		18DAF8492BCD978D00F76EAB /* MemorizeModel.swift */ = {isa = PBXFileReference; lastKnownFileType = sourcecode.swift; path = MemorizeModel.swift; sourceTree = "<group>"; };
		18DAF84E2BCD995600F76EAB /* MemorizeViewModel.swift */ = {isa = PBXFileReference; lastKnownFileType = sourcecode.swift; path = MemorizeViewModel.swift; sourceTree = "<group>"; };
/* End PBXFileReference section */

/* Begin PBXFrameworksBuildPhase section */
		187F99292BC9D75A007850DA /* Frameworks */ = {
			isa = PBXFrameworksBuildPhase;
			buildActionMask = 2147483647;
			files = (
			);
			runOnlyForDeploymentPostprocessing = 0;
		};
/* End PBXFrameworksBuildPhase section */

/* Begin PBXGroup section */
		18259C372BE53BFB0030B3D4 /* Views */ = {
			isa = PBXGroup;
			children = (
				18259C382BE53C080030B3D4 /* CardView.swift */,
				18259C412BE585810030B3D4 /* FlyingNumber.swift */,
			);
			path = Views;
			sourceTree = "<group>";
		};
		18259C3A2BE54C610030B3D4 /* Shapes */ = {
			isa = PBXGroup;
			children = (
				18259C3B2BE54C730030B3D4 /* Pie.swift */,
			);
			path = Shapes;
			sourceTree = "<group>";
		};
		187F99232BC9D75A007850DA = {
			isa = PBXGroup;
			children = (
				187F992E2BC9D75A007850DA /* Memorize */,
				187F992D2BC9D75A007850DA /* Products */,
			);
			sourceTree = "<group>";
		};
		187F992D2BC9D75A007850DA /* Products */ = {
			isa = PBXGroup;
			children = (
				187F992C2BC9D75A007850DA /* Memorize.app */,
			);
			name = Products;
			sourceTree = "<group>";
		};
		187F992E2BC9D75A007850DA /* Memorize */ = {
			isa = PBXGroup;
			children = (
				18259C3A2BE54C610030B3D4 /* Shapes */,
				18259C372BE53BFB0030B3D4 /* Views */,
				18A237272BD01FF200014F07 /* Components */,
				18C4188A2BCEF28600783E20 /* Theme */,
				18DAF84D2BCD97BC00F76EAB /* ViewModels */,
				18DAF84B2BCD97A600F76EAB /* Models */,
				187F992F2BC9D75A007850DA /* MemorizeApp.swift */,
				187F99312BC9D75A007850DA /* EmojiMemoryGameView.swift */,
				187F99332BC9D75C007850DA /* Assets.xcassets */,
				187F99352BC9D75C007850DA /* Preview Content */,
				18259C3D2BE551970030B3D4 /* Cardify.swift */,
			);
			path = Memorize;
			sourceTree = "<group>";
		};
		187F99352BC9D75C007850DA /* Preview Content */ = {
			isa = PBXGroup;
			children = (
				187F99362BC9D75C007850DA /* Preview Assets.xcassets */,
			);
			path = "Preview Content";
			sourceTree = "<group>";
		};
		18A237272BD01FF200014F07 /* Components */ = {
			isa = PBXGroup;
			children = (
				18A237282BD0201000014F07 /* AspectVGrid.swift */,
			);
			path = Components;
			sourceTree = "<group>";
		};
		18C4188A2BCEF28600783E20 /* Theme */ = {
			isa = PBXGroup;
			children = (
				18C4188B2BCEF29200783E20 /* Theme.swift */,
			);
			path = Theme;
			sourceTree = "<group>";
		};
		18DAF84B2BCD97A600F76EAB /* Models */ = {
			isa = PBXGroup;
			children = (
				18DAF8492BCD978D00F76EAB /* MemorizeModel.swift */,
			);
			path = Models;
			sourceTree = "<group>";
		};
		18DAF84D2BCD97BC00F76EAB /* ViewModels */ = {
			isa = PBXGroup;
			children = (
				18DAF84E2BCD995600F76EAB /* MemorizeViewModel.swift */,
			);
			path = ViewModels;
			sourceTree = "<group>";
		};
/* End PBXGroup section */

/* Begin PBXNativeTarget section */
		187F992B2BC9D75A007850DA /* Memorize */ = {
			isa = PBXNativeTarget;
			buildConfigurationList = 187F993A2BC9D75C007850DA /* Build configuration list for PBXNativeTarget "Memorize" */;
			buildPhases = (
				187F99282BC9D75A007850DA /* Sources */,
				187F99292BC9D75A007850DA /* Frameworks */,
				187F992A2BC9D75A007850DA /* Resources */,
			);
			buildRules = (
			);
			dependencies = (
			);
			name = Memorize;
			productName = Memorize;
			productReference = 187F992C2BC9D75A007850DA /* Memorize.app */;
			productType = "com.apple.product-type.application";
		};
/* End PBXNativeTarget section */

/* Begin PBXProject section */
		187F99242BC9D75A007850DA /* Project object */ = {
			isa = PBXProject;
			attributes = {
				BuildIndependentTargetsInParallel = 1;
				LastSwiftUpdateCheck = 1530;
				LastUpgradeCheck = 1530;
				TargetAttributes = {
					187F992B2BC9D75A007850DA = {
						CreatedOnToolsVersion = 15.3;
					};
				};
			};
			buildConfigurationList = 187F99272BC9D75A007850DA /* Build configuration list for PBXProject "Memorize" */;
			compatibilityVersion = "Xcode 14.0";
			developmentRegion = en;
			hasScannedForEncodings = 0;
			knownRegions = (
				en,
				Base,
			);
			mainGroup = 187F99232BC9D75A007850DA;
			productRefGroup = 187F992D2BC9D75A007850DA /* Products */;
			projectDirPath = "";
			projectRoot = "";
			targets = (
				187F992B2BC9D75A007850DA /* Memorize */,
			);
		};
/* End PBXProject section */

/* Begin PBXResourcesBuildPhase section */
		187F992A2BC9D75A007850DA /* Resources */ = {
			isa = PBXResourcesBuildPhase;
			buildActionMask = 2147483647;
			files = (
				187F99372BC9D75C007850DA /* Preview Assets.xcassets in Resources */,
				187F99342BC9D75C007850DA /* Assets.xcassets in Resources */,
			);
			runOnlyForDeploymentPostprocessing = 0;
		};
/* End PBXResourcesBuildPhase section */

/* Begin PBXSourcesBuildPhase section */
		187F99282BC9D75A007850DA /* Sources */ = {
			isa = PBXSourcesBuildPhase;
			buildActionMask = 2147483647;
			files = (
				18259C392BE53C080030B3D4 /* CardView.swift in Sources */,
				187F99322BC9D75A007850DA /* EmojiMemoryGameView.swift in Sources */,
				18259C3C2BE54C730030B3D4 /* Pie.swift in Sources */,
				18259C3E2BE551970030B3D4 /* Cardify.swift in Sources */,
				18DAF84A2BCD978D00F76EAB /* MemorizeModel.swift in Sources */,
				18A237292BD0201000014F07 /* AspectVGrid.swift in Sources */,
				18C4188C2BCEF29200783E20 /* Theme.swift in Sources */,
				18DAF84F2BCD995600F76EAB /* MemorizeViewModel.swift in Sources */,
				187F99302BC9D75A007850DA /* MemorizeApp.swift in Sources */,
				18259C422BE585810030B3D4 /* FlyingNumber.swift in Sources */,
			);
			runOnlyForDeploymentPostprocessing = 0;
		};
/* End PBXSourcesBuildPhase section */

/* Begin XCBuildConfiguration section */
		187F99382BC9D75C007850DA /* Debug */ = {
			isa = XCBuildConfiguration;
			buildSettings = {
				ALWAYS_SEARCH_USER_PATHS = NO;
				ASSETCATALOG_COMPILER_GENERATE_SWIFT_ASSET_SYMBOL_EXTENSIONS = YES;
				CLANG_ANALYZER_NONNULL = YES;
				CLANG_ANALYZER_NUMBER_OBJECT_CONVERSION = YES_AGGRESSIVE;
				CLANG_CXX_LANGUAGE_STANDARD = "gnu++20";
				CLANG_ENABLE_MODULES = YES;
				CLANG_ENABLE_OBJC_ARC = YES;
				CLANG_ENABLE_OBJC_WEAK = YES;
				CLANG_WARN_BLOCK_CAPTURE_AUTORELEASING = YES;
				CLANG_WARN_BOOL_CONVERSION = YES;
				CLANG_WARN_COMMA = YES;
				CLANG_WARN_CONSTANT_CONVERSION = YES;
				CLANG_WARN_DEPRECATED_OBJC_IMPLEMENTATIONS = YES;
				CLANG_WARN_DIRECT_OBJC_ISA_USAGE = YES_ERROR;
				CLANG_WARN_DOCUMENTATION_COMMENTS = YES;
				CLANG_WARN_EMPTY_BODY = YES;
				CLANG_WARN_ENUM_CONVERSION = YES;
				CLANG_WARN_INFINITE_RECURSION = YES;
				CLANG_WARN_INT_CONVERSION = YES;
				CLANG_WARN_NON_LITERAL_NULL_CONVERSION = YES;
				CLANG_WARN_OBJC_IMPLICIT_RETAIN_SELF = YES;
				CLANG_WARN_OBJC_LITERAL_CONVERSION = YES;
				CLANG_WARN_OBJC_ROOT_CLASS = YES_ERROR;
				CLANG_WARN_QUOTED_INCLUDE_IN_FRAMEWORK_HEADER = YES;
				CLANG_WARN_RANGE_LOOP_ANALYSIS = YES;
				CLANG_WARN_STRICT_PROTOTYPES = YES;
				CLANG_WARN_SUSPICIOUS_MOVE = YES;
				CLANG_WARN_UNGUARDED_AVAILABILITY = YES_AGGRESSIVE;
				CLANG_WARN_UNREACHABLE_CODE = YES;
				CLANG_WARN__DUPLICATE_METHOD_MATCH = YES;
				COPY_PHASE_STRIP = NO;
				DEBUG_INFORMATION_FORMAT = dwarf;
				ENABLE_STRICT_OBJC_MSGSEND = YES;
				ENABLE_TESTABILITY = YES;
				ENABLE_USER_SCRIPT_SANDBOXING = YES;
				GCC_C_LANGUAGE_STANDARD = gnu17;
				GCC_DYNAMIC_NO_PIC = NO;
				GCC_NO_COMMON_BLOCKS = YES;
				GCC_OPTIMIZATION_LEVEL = 0;
				GCC_PREPROCESSOR_DEFINITIONS = (
					"DEBUG=1",
					"$(inherited)",
				);
				GCC_WARN_64_TO_32_BIT_CONVERSION = YES;
				GCC_WARN_ABOUT_RETURN_TYPE = YES_ERROR;
				GCC_WARN_UNDECLARED_SELECTOR = YES;
				GCC_WARN_UNINITIALIZED_AUTOS = YES_AGGRESSIVE;
				GCC_WARN_UNUSED_FUNCTION = YES;
				GCC_WARN_UNUSED_VARIABLE = YES;
				IPHONEOS_DEPLOYMENT_TARGET = 17.4;
				LOCALIZATION_PREFERS_STRING_CATALOGS = YES;
				MTL_ENABLE_DEBUG_INFO = INCLUDE_SOURCE;
				MTL_FAST_MATH = YES;
				ONLY_ACTIVE_ARCH = YES;
				SDKROOT = iphoneos;
				SWIFT_ACTIVE_COMPILATION_CONDITIONS = "DEBUG $(inherited)";
				SWIFT_OPTIMIZATION_LEVEL = "-Onone";
			};
			name = Debug;
		};
		187F99392BC9D75C007850DA /* Release */ = {
			isa = XCBuildConfiguration;
			buildSettings = {
				ALWAYS_SEARCH_USER_PATHS = NO;
				ASSETCATALOG_COMPILER_GENERATE_SWIFT_ASSET_SYMBOL_EXTENSIONS = YES;
				CLANG_ANALYZER_NONNULL = YES;
				CLANG_ANALYZER_NUMBER_OBJECT_CONVERSION = YES_AGGRESSIVE;
				CLANG_CXX_LANGUAGE_STANDARD = "gnu++20";
				CLANG_ENABLE_MODULES = YES;
				CLANG_ENABLE_OBJC_ARC = YES;
				CLANG_ENABLE_OBJC_WEAK = YES;
				CLANG_WARN_BLOCK_CAPTURE_AUTORELEASING = YES;
				CLANG_WARN_BOOL_CONVERSION = YES;
				CLANG_WARN_COMMA = YES;
				CLANG_WARN_CONSTANT_CONVERSION = YES;
				CLANG_WARN_DEPRECATED_OBJC_IMPLEMENTATIONS = YES;
				CLANG_WARN_DIRECT_OBJC_ISA_USAGE = YES_ERROR;
				CLANG_WARN_DOCUMENTATION_COMMENTS = YES;
				CLANG_WARN_EMPTY_BODY = YES;
				CLANG_WARN_ENUM_CONVERSION = YES;
				CLANG_WARN_INFINITE_RECURSION = YES;
				CLANG_WARN_INT_CONVERSION = YES;
				CLANG_WARN_NON_LITERAL_NULL_CONVERSION = YES;
				CLANG_WARN_OBJC_IMPLICIT_RETAIN_SELF = YES;
				CLANG_WARN_OBJC_LITERAL_CONVERSION = YES;
				CLANG_WARN_OBJC_ROOT_CLASS = YES_ERROR;
				CLANG_WARN_QUOTED_INCLUDE_IN_FRAMEWORK_HEADER = YES;
				CLANG_WARN_RANGE_LOOP_ANALYSIS = YES;
				CLANG_WARN_STRICT_PROTOTYPES = YES;
				CLANG_WARN_SUSPICIOUS_MOVE = YES;
				CLANG_WARN_UNGUARDED_AVAILABILITY = YES_AGGRESSIVE;
				CLANG_WARN_UNREACHABLE_CODE = YES;
				CLANG_WARN__DUPLICATE_METHOD_MATCH = YES;
				COPY_PHASE_STRIP = NO;
				DEBUG_INFORMATION_FORMAT = "dwarf-with-dsym";
				ENABLE_NS_ASSERTIONS = NO;
				ENABLE_STRICT_OBJC_MSGSEND = YES;
				ENABLE_USER_SCRIPT_SANDBOXING = YES;
				GCC_C_LANGUAGE_STANDARD = gnu17;
				GCC_NO_COMMON_BLOCKS = YES;
				GCC_WARN_64_TO_32_BIT_CONVERSION = YES;
				GCC_WARN_ABOUT_RETURN_TYPE = YES_ERROR;
				GCC_WARN_UNDECLARED_SELECTOR = YES;
				GCC_WARN_UNINITIALIZED_AUTOS = YES_AGGRESSIVE;
				GCC_WARN_UNUSED_FUNCTION = YES;
				GCC_WARN_UNUSED_VARIABLE = YES;
				IPHONEOS_DEPLOYMENT_TARGET = 17.4;
				LOCALIZATION_PREFERS_STRING_CATALOGS = YES;
				MTL_ENABLE_DEBUG_INFO = NO;
				MTL_FAST_MATH = YES;
				SDKROOT = iphoneos;
				SWIFT_COMPILATION_MODE = wholemodule;
				VALIDATE_PRODUCT = YES;
			};
			name = Release;
		};
		187F993B2BC9D75C007850DA /* Debug */ = {
			isa = XCBuildConfiguration;
			buildSettings = {
				ASSETCATALOG_COMPILER_APPICON_NAME = AppIcon;
				ASSETCATALOG_COMPILER_GLOBAL_ACCENT_COLOR_NAME = AccentColor;
				CODE_SIGN_STYLE = Automatic;
				CURRENT_PROJECT_VERSION = 1;
				DEVELOPMENT_ASSET_PATHS = "\"Memorize/Preview Content\"";
				ENABLE_PREVIEWS = YES;
				GENERATE_INFOPLIST_FILE = YES;
				INFOPLIST_KEY_UIApplicationSceneManifest_Generation = YES;
				INFOPLIST_KEY_UIApplicationSupportsIndirectInputEvents = YES;
				INFOPLIST_KEY_UILaunchScreen_Generation = YES;
				INFOPLIST_KEY_UISupportedInterfaceOrientations_iPad = "UIInterfaceOrientationPortrait UIInterfaceOrientationPortraitUpsideDown UIInterfaceOrientationLandscapeLeft UIInterfaceOrientationLandscapeRight";
				INFOPLIST_KEY_UISupportedInterfaceOrientations_iPhone = "UIInterfaceOrientationPortrait UIInterfaceOrientationLandscapeLeft UIInterfaceOrientationLandscapeRight";
				LD_RUNPATH_SEARCH_PATHS = (
					"$(inherited)",
					"@executable_path/Frameworks",
				);
				MARKETING_VERSION = 1.0;
				PRODUCT_BUNDLE_IDENTIFIER = com.nickhurst.Memorize;
				PRODUCT_NAME = "$(TARGET_NAME)";
				SWIFT_EMIT_LOC_STRINGS = YES;
				SWIFT_VERSION = 5.0;
				TARGETED_DEVICE_FAMILY = "1,2";
			};
			name = Debug;
		};
		187F993C2BC9D75C007850DA /* Release */ = {
			isa = XCBuildConfiguration;
			buildSettings = {
				ASSETCATALOG_COMPILER_APPICON_NAME = AppIcon;
				ASSETCATALOG_COMPILER_GLOBAL_ACCENT_COLOR_NAME = AccentColor;
				CODE_SIGN_STYLE = Automatic;
				CURRENT_PROJECT_VERSION = 1;
				DEVELOPMENT_ASSET_PATHS = "\"Memorize/Preview Content\"";
				ENABLE_PREVIEWS = YES;
				GENERATE_INFOPLIST_FILE = YES;
				INFOPLIST_KEY_UIApplicationSceneManifest_Generation = YES;
				INFOPLIST_KEY_UIApplicationSupportsIndirectInputEvents = YES;
				INFOPLIST_KEY_UILaunchScreen_Generation = YES;
				INFOPLIST_KEY_UISupportedInterfaceOrientations_iPad = "UIInterfaceOrientationPortrait UIInterfaceOrientationPortraitUpsideDown UIInterfaceOrientationLandscapeLeft UIInterfaceOrientationLandscapeRight";
				INFOPLIST_KEY_UISupportedInterfaceOrientations_iPhone = "UIInterfaceOrientationPortrait UIInterfaceOrientationLandscapeLeft UIInterfaceOrientationLandscapeRight";
				LD_RUNPATH_SEARCH_PATHS = (
					"$(inherited)",
					"@executable_path/Frameworks",
				);
				MARKETING_VERSION = 1.0;
				PRODUCT_BUNDLE_IDENTIFIER = com.nickhurst.Memorize;
				PRODUCT_NAME = "$(TARGET_NAME)";
				SWIFT_EMIT_LOC_STRINGS = YES;
				SWIFT_VERSION = 5.0;
				TARGETED_DEVICE_FAMILY = "1,2";
			};
			name = Release;
		};
/* End XCBuildConfiguration section */

/* Begin XCConfigurationList section */
		187F99272BC9D75A007850DA /* Build configuration list for PBXProject "Memorize" */ = {
			isa = XCConfigurationList;
			buildConfigurations = (
				187F99382BC9D75C007850DA /* Debug */,
				187F99392BC9D75C007850DA /* Release */,
			);
			defaultConfigurationIsVisible = 0;
			defaultConfigurationName = Release;
		};
		187F993A2BC9D75C007850DA /* Build configuration list for PBXNativeTarget "Memorize" */ = {
			isa = XCConfigurationList;
			buildConfigurations = (
				187F993B2BC9D75C007850DA /* Debug */,
				187F993C2BC9D75C007850DA /* Release */,
			);
			defaultConfigurationIsVisible = 0;
			defaultConfigurationName = Release;
		};
/* End XCConfigurationList section */
	};
	rootObject = 187F99242BC9D75A007850DA /* Project object */;
}
